<?xml version="1.0" encoding="utf-8"?>
<Project ToolsVersion="4.0" xmlns="http://schemas.microsoft.com/developer/msbuild/2003">
  <ItemGroup>
    <Filter Include="Source Files">
      <UniqueIdentifier>{4FC737F1-C7A5-4376-A066-2A32D752A2FF}</UniqueIdentifier>
      <Extensions>cpp;c;cc;cxx;def;odl;idl;hpj;bat;asm;asmx</Extensions>
    </Filter>
    <Filter Include="Header Files">
      <UniqueIdentifier>{93995380-89BD-4b04-88EB-625FBE52EBFB}</UniqueIdentifier>
      <Extensions>h;hpp;hxx;hm;inl;inc;xsd</Extensions>
    </Filter>
    <Filter Include="Resource Files">
      <UniqueIdentifier>{67DA6AB6-F800-4c08-8B7A-83BB121AAD01}</UniqueIdentifier>
      <Extensions>rc;ico;cur;bmp;dlg;rc2;rct;bin;rgs;gif;jpg;jpeg;jpe;resx;tiff;tif;png;wav;mfcribbon-ms</Extensions>
    </Filter>
  </ItemGroup>
  <ItemGroup>
    <ClCompile Include="grid.cpp">
      <Filter>Source Files</Filter>
    </ClCompile>
    <ClCompile Include="main.cpp">
      <Filter>Source Files</Filter>
    </ClCompile>
    <ClCompile Include="2Dtext.cpp">
      <Filter>Source Files</Filter>
    </ClCompile>
    <ClCompile Include="axes.cpp">
      <Filter>Source Files</Filter>
    </ClCompile>
    <ClCompile Include="CubeClass.cpp">
      <Filter>Source Files</Filter>
    </ClCompile>
    <ClCompile Include="TerrainDEM.cpp">
      <Filter>Source Files</Filter>
    </ClCompile>
    <ClCompile Include="fileOperations.cpp">
      <Filter>Source Files</Filter>
    </ClCompile>
    <ClCompile Include="Cubes.cpp">
      <Filter>Source Files</Filter>
    </ClCompile>
    <ClCompile Include="triangularPrism.cpp">
      <Filter>Source Files</Filter>
    </ClCompile>
  </ItemGroup>
  <ItemGroup>
    <ClInclude Include="freeglut.h">
      <Filter>Header Files</Filter>
    </ClInclude>
    <ClInclude Include="freeglut_ext.h">
      <Filter>Header Files</Filter>
    </ClInclude>
    <ClInclude Include="freeglut_std.h">
      <Filter>Header Files</Filter>
    </ClInclude>
    <ClInclude Include="glut.h">
      <Filter>Header Files</Filter>
    </ClInclude>
    <ClInclude Include="grid.h">
      <Filter>Header Files</Filter>
    </ClInclude>
    <ClInclude Include="2DText.h">
      <Filter>Header Files</Filter>
    </ClInclude>
    <ClInclude Include="axes.h">
      <Filter>Header Files</Filter>
    </ClInclude>
    <ClInclude Include="CubeClass.h">
      <Filter>Header Files</Filter>
    </ClInclude>
    <ClInclude Include="vec3.h">
      <Filter>Header Files</Filter>
    </ClInclude>
    <ClInclude Include="H:\VIC2015\Lectures\Week9\VIC2015_SmoothShadeTriangle\VIC2015Lab5\triangularPrism.h">
      <Filter>Header Files</Filter>
    </ClInclude>
    <ClInclude Include="TerrainDEM.h">
      <Filter>Header Files</Filter>
    </ClInclude>
    <ClInclude Include="fileOperations.h">
      <Filter>Header Files</Filter>
    </ClInclude>
    <ClInclude Include="Cubes.h">
      <Filter>Header Files</Filter>
    </ClInclude>
  </ItemGroup>
</Project>